
Microsoft Visual Studio Solution File, Format Version 12.00
# Visual Studio Version 16
VisualStudioVersion = 16.0.32407.337
MinimumVisualStudioVersion = 10.0.40219.1
Project("{FAE04EC0-301F-11D3-BF4B-00C04F79EFBC}") = "Stopwatch", "Stopwatch\Stopwatch.csproj", "{A98D617D-A1D9-4085-A092-F7FFC06C49D6}"
EndProject
Global
	GlobalSection(SolutionConfigurationPlatforms) = preSolution
		Debug|Any CPU = Debug|Any CPU
		Release|Any CPU = Release|Any CPU
	EndGlobalSection
	GlobalSection(ProjectConfigurationPlatforms) = postSolution
		{A98D617D-A1D9-4085-A092-F7FFC06C49D6}.Debug|Any CPU.ActiveCfg = Debug|Any CPU
		{A98D617D-A1D9-4085-A092-F7FFC06C49D6}.Debug|Any CPU.Build.0 = Debug|Any CPU
		{A98D617D-A1D9-4085-A092-F7FFC06C49D6}.Release|Any CPU.ActiveCfg = Release|Any CPU
		{A98D617D-A1D9-4085-A092-F7FFC06C49D6}.Release|Any CPU.Build.0 = Release|Any CPU
	EndGlobalSection
	GlobalSection(SolutionProperties) = preSolution
		HideSolutionNode = FALSE
	EndGlobalSection
	GlobalSection(ExtensibilityGlobals) = postSolution
		SolutionGuid = {3F0798A5-7E31-4AB1-8730-15B06C4A4A80}
	EndGlobalSection
EndGlobal
